
Microsoft Visual Studio Solution File, Format Version 12.00
# Visual Studio Version 16
VisualStudioVersion = 16.0.28922.388
MinimumVisualStudioVersion = 10.0.40219.1
Project("{9A19103F-16F7-4668-BE54-9A1E7A4F7556}") = "CmdApi", "CmdApi.csproj", "{5D761A3E-2E28-417B-A093-D0CA202FE7F6}"
EndProject
Project("{FAE04EC0-301F-11D3-BF4B-00C04F79EFBC}") = "CmdApiUnitTests", "..\CmdApiUnitTests\CmdApiUnitTests.csproj", "{6F3E9208-0B79-4B99-827C-5F2CB1D6CA7E}"
EndProject
Global
	GlobalSection(SolutionConfigurationPlatforms) = preSolution
		Debug|Any CPU = Debug|Any CPU
		Release|Any CPU = Release|Any CPU
	EndGlobalSection
	GlobalSection(ProjectConfigurationPlatforms) = postSolution
		{5D761A3E-2E28-417B-A093-D0CA202FE7F6}.Debug|Any CPU.ActiveCfg = Debug|Any CPU
		{5D761A3E-2E28-417B-A093-D0CA202FE7F6}.Debug|Any CPU.Build.0 = Debug|Any CPU
		{5D761A3E-2E28-417B-A093-D0CA202FE7F6}.Release|Any CPU.ActiveCfg = Release|Any CPU
		{5D761A3E-2E28-417B-A093-D0CA202FE7F6}.Release|Any CPU.Build.0 = Release|Any CPU
		{6F3E9208-0B79-4B99-827C-5F2CB1D6CA7E}.Debug|Any CPU.ActiveCfg = Debug|Any CPU
		{6F3E9208-0B79-4B99-827C-5F2CB1D6CA7E}.Debug|Any CPU.Build.0 = Debug|Any CPU
		{6F3E9208-0B79-4B99-827C-5F2CB1D6CA7E}.Release|Any CPU.ActiveCfg = Release|Any CPU
		{6F3E9208-0B79-4B99-827C-5F2CB1D6CA7E}.Release|Any CPU.Build.0 = Release|Any CPU
	EndGlobalSection
	GlobalSection(SolutionProperties) = preSolution
		HideSolutionNode = FALSE
	EndGlobalSection
	GlobalSection(ExtensibilityGlobals) = postSolution
		SolutionGuid = {235B75B1-327D-4A93-ACEB-E35516A5F3EF}
	EndGlobalSection
EndGlobal
